%{"connection": {:hex, :connection, "1.0.2"},
  "cowboy": {:hex, :cowboy, "1.0.4"},
  "cowlib": {:hex, :cowlib, "1.0.2"},
  "decimal": {:hex, :decimal, "1.1.1"},
  "ecto": {:hex, :ecto, "2.0.0-beta.2"},
  "fs": {:hex, :fs, "0.9.2"},
  "gettext": {:hex, :gettext, "0.10.0"},
  "phoenix": {:hex, :phoenix, "1.1.4"},
  "phoenix_ecto": {:hex, :phoenix_ecto, "3.0.0-beta.2"},
  "phoenix_html": {:hex, :phoenix_html, "2.5.1"},
  "phoenix_live_reload": {:hex, :phoenix_live_reload, "1.0.3"},
  "plug": {:hex, :plug, "1.1.2"},
  "poison": {:hex, :poison, "2.1.0"},
  "poolboy": {:hex, :poolboy, "1.5.1"},
  "ranch": {:hex, :ranch, "1.2.1"},
  "rethinkdb": {:git, "https://github.com/hamiltop/rethinkdb-elixir.git", "6e0192683ba67e45d7b203046254fd76d39f7cfc", []},
  "rethinkdb_ecto": {:git, "https://github.com/zhora-foundation/rethinkdb_ecto.git", "dee4fdfb78b9cd6f369176d06f511a164b0710b1", []}}
